
Microsoft Visual Studio Solution File, Format Version 12.00
# Visual Studio Version 17
VisualStudioVersion = 17.5.33414.496
MinimumVisualStudioVersion = 10.0.40219.1
Project("{9A19103F-16F7-4668-BE54-9A1E7A4F7556}") = "JaProj", "JaProj.csproj", "{8C9B7BAC-4913-48CE-BE03-3C8A2D6AEFB8}"
	ProjectSection(ProjectDependencies) = postProject
		{584C0F20-6B3E-4BFF-BBBA-8F1ABC36DE93} = {584C0F20-6B3E-4BFF-BBBA-8F1ABC36DE93}
		{65388FE3-AF39-4FD0-A61A-22FBB2E79352} = {65388FE3-AF39-4FD0-A61A-22FBB2E79352}
	EndProjectSection
EndProject
Project("{8BC9CEB8-8B4A-11D0-8D11-00A0C91BC942}") = "JaAsm", "..\JaAsm\JaAsm.vcxproj", "{584C0F20-6B3E-4BFF-BBBA-8F1ABC36DE93}"
EndProject
Project("{8BC9CEB8-8B4A-11D0-8D11-00A0C91BC942}") = "JaCpp", "..\JaCpp\JaCpp.vcxproj", "{65388FE3-AF39-4FD0-A61A-22FBB2E79352}"
EndProject
Global
	GlobalSection(SolutionConfigurationPlatforms) = preSolution
		Debug|Any CPU = Debug|Any CPU
		Debug|x64 = Debug|x64
		Debug|x86 = Debug|x86
		Release|Any CPU = Release|Any CPU
		Release|x64 = Release|x64
		Release|x86 = Release|x86
	EndGlobalSection
	GlobalSection(ProjectConfigurationPlatforms) = postSolution
		{8C9B7BAC-4913-48CE-BE03-3C8A2D6AEFB8}.Debug|Any CPU.ActiveCfg = Debug|Any CPU
		{8C9B7BAC-4913-48CE-BE03-3C8A2D6AEFB8}.Debug|Any CPU.Build.0 = Debug|Any CPU
		{8C9B7BAC-4913-48CE-BE03-3C8A2D6AEFB8}.Debug|x64.ActiveCfg = Debug|x64
		{8C9B7BAC-4913-48CE-BE03-3C8A2D6AEFB8}.Debug|x64.Build.0 = Debug|x64
		{8C9B7BAC-4913-48CE-BE03-3C8A2D6AEFB8}.Debug|x86.ActiveCfg = Debug|Any CPU
		{8C9B7BAC-4913-48CE-BE03-3C8A2D6AEFB8}.Debug|x86.Build.0 = Debug|Any CPU
		{8C9B7BAC-4913-48CE-BE03-3C8A2D6AEFB8}.Release|Any CPU.ActiveCfg = Release|Any CPU
		{8C9B7BAC-4913-48CE-BE03-3C8A2D6AEFB8}.Release|Any CPU.Build.0 = Release|Any CPU
		{8C9B7BAC-4913-48CE-BE03-3C8A2D6AEFB8}.Release|x64.ActiveCfg = Release|Any CPU
		{8C9B7BAC-4913-48CE-BE03-3C8A2D6AEFB8}.Release|x64.Build.0 = Release|Any CPU
		{8C9B7BAC-4913-48CE-BE03-3C8A2D6AEFB8}.Release|x86.ActiveCfg = Release|Any CPU
		{8C9B7BAC-4913-48CE-BE03-3C8A2D6AEFB8}.Release|x86.Build.0 = Release|Any CPU
		{584C0F20-6B3E-4BFF-BBBA-8F1ABC36DE93}.Debug|Any CPU.ActiveCfg = Debug|x64
		{584C0F20-6B3E-4BFF-BBBA-8F1ABC36DE93}.Debug|Any CPU.Build.0 = Debug|x64
		{584C0F20-6B3E-4BFF-BBBA-8F1ABC36DE93}.Debug|x64.ActiveCfg = Debug|x64
		{584C0F20-6B3E-4BFF-BBBA-8F1ABC36DE93}.Debug|x64.Build.0 = Debug|x64
		{584C0F20-6B3E-4BFF-BBBA-8F1ABC36DE93}.Debug|x86.ActiveCfg = Debug|Win32
		{584C0F20-6B3E-4BFF-BBBA-8F1ABC36DE93}.Debug|x86.Build.0 = Debug|Win32
		{584C0F20-6B3E-4BFF-BBBA-8F1ABC36DE93}.Release|Any CPU.ActiveCfg = Release|x64
		{584C0F20-6B3E-4BFF-BBBA-8F1ABC36DE93}.Release|Any CPU.Build.0 = Release|x64
		{584C0F20-6B3E-4BFF-BBBA-8F1ABC36DE93}.Release|x64.ActiveCfg = Release|x64
		{584C0F20-6B3E-4BFF-BBBA-8F1ABC36DE93}.Release|x64.Build.0 = Release|x64
		{584C0F20-6B3E-4BFF-BBBA-8F1ABC36DE93}.Release|x86.ActiveCfg = Release|Win32
		{584C0F20-6B3E-4BFF-BBBA-8F1ABC36DE93}.Release|x86.Build.0 = Release|Win32
		{65388FE3-AF39-4FD0-A61A-22FBB2E79352}.Debug|Any CPU.ActiveCfg = Debug|x64
		{65388FE3-AF39-4FD0-A61A-22FBB2E79352}.Debug|Any CPU.Build.0 = Debug|x64
		{65388FE3-AF39-4FD0-A61A-22FBB2E79352}.Debug|x64.ActiveCfg = Debug|x64
		{65388FE3-AF39-4FD0-A61A-22FBB2E79352}.Debug|x64.Build.0 = Debug|x64
		{65388FE3-AF39-4FD0-A61A-22FBB2E79352}.Debug|x86.ActiveCfg = Debug|Win32
		{65388FE3-AF39-4FD0-A61A-22FBB2E79352}.Debug|x86.Build.0 = Debug|Win32
		{65388FE3-AF39-4FD0-A61A-22FBB2E79352}.Release|Any CPU.ActiveCfg = Release|x64
		{65388FE3-AF39-4FD0-A61A-22FBB2E79352}.Release|Any CPU.Build.0 = Release|x64
		{65388FE3-AF39-4FD0-A61A-22FBB2E79352}.Release|x64.ActiveCfg = Release|x64
		{65388FE3-AF39-4FD0-A61A-22FBB2E79352}.Release|x64.Build.0 = Release|x64
		{65388FE3-AF39-4FD0-A61A-22FBB2E79352}.Release|x86.ActiveCfg = Release|Win32
		{65388FE3-AF39-4FD0-A61A-22FBB2E79352}.Release|x86.Build.0 = Release|Win32
	EndGlobalSection
	GlobalSection(SolutionProperties) = preSolution
		HideSolutionNode = FALSE
	EndGlobalSection
	GlobalSection(ExtensibilityGlobals) = postSolution
		SolutionGuid = {1680A6C0-93EF-4AB7-8F74-44B315BF20F1}
	EndGlobalSection
EndGlobal
